
Microsoft Visual Studio Solution File, Format Version 12.00
# Visual Studio Version 16
VisualStudioVersion = 16.0.30011.22
MinimumVisualStudioVersion = 10.0.40219.1
Project("{FAE04EC0-301F-11D3-BF4B-00C04F79EFBC}") = "MovieWeb", "MovieWeb.csproj", "{6198284C-2A1A-4645-AB57-0980808BD1F6}"
EndProject
Global
	GlobalSection(SolutionConfigurationPlatforms) = preSolution
		Debug|Any CPU = Debug|Any CPU
		Release|Any CPU = Release|Any CPU
	EndGlobalSection
	GlobalSection(ProjectConfigurationPlatforms) = postSolution
		{6198284C-2A1A-4645-AB57-0980808BD1F6}.Debug|Any CPU.ActiveCfg = Debug|Any CPU
		{6198284C-2A1A-4645-AB57-0980808BD1F6}.Debug|Any CPU.Build.0 = Debug|Any CPU
		{6198284C-2A1A-4645-AB57-0980808BD1F6}.Release|Any CPU.ActiveCfg = Release|Any CPU
		{6198284C-2A1A-4645-AB57-0980808BD1F6}.Release|Any CPU.Build.0 = Release|Any CPU
	EndGlobalSection
	GlobalSection(SolutionProperties) = preSolution
		HideSolutionNode = FALSE
	EndGlobalSection
	GlobalSection(ExtensibilityGlobals) = postSolution
		SolutionGuid = {D9726FF6-711E-4EE5-B775-AFF397B49B90}
	EndGlobalSection
EndGlobal
